
Microsoft Visual Studio Solution File, Format Version 12.00
# Visual Studio Version 17
VisualStudioVersion = 17.14.36915.13 d17.14
MinimumVisualStudioVersion = 10.0.40219.1
Project("{FAE04EC0-301F-11D3-BF4B-00C04F79EFBC}") = "iOverlayer", "iOverlayer.csproj", "{B07AC3BD-0E68-43C0-B999-62F87FF164E7}"
EndProject
Global
	GlobalSection(SolutionConfigurationPlatforms) = preSolution
		Debug|Any CPU = Debug|Any CPU
		Release|Any CPU = Release|Any CPU
	EndGlobalSection
	GlobalSection(ProjectConfigurationPlatforms) = postSolution
		{B07AC3BD-0E68-43C0-B999-62F87FF164E7}.Debug|Any CPU.ActiveCfg = Debug|Any CPU
		{B07AC3BD-0E68-43C0-B999-62F87FF164E7}.Debug|Any CPU.Build.0 = Debug|Any CPU
		{B07AC3BD-0E68-43C0-B999-62F87FF164E7}.Release|Any CPU.ActiveCfg = Release|Any CPU
		{B07AC3BD-0E68-43C0-B999-62F87FF164E7}.Release|Any CPU.Build.0 = Release|Any CPU
	EndGlobalSection
	GlobalSection(SolutionProperties) = preSolution
		HideSolutionNode = FALSE
	EndGlobalSection
	GlobalSection(ExtensibilityGlobals) = postSolution
		SolutionGuid = {9DBDBC74-4A53-40F0-9971-9B943C246392}
	EndGlobalSection
EndGlobal
